
Microsoft Visual Studio Solution File, Format Version 12.00
# Visual Studio Version 17
VisualStudioVersion = 17.1.32319.34
MinimumVisualStudioVersion = 10.0.40219.1
Project("{9A19103F-16F7-4668-BE54-9A1E7A4F7556}") = "PegLeg", "PegLeg\PegLeg.csproj", "{3D4EE528-C58A-4B4B-BEE5-3DA927EC947E}"
EndProject
Project("{FAE04EC0-301F-11D3-BF4B-00C04F79EFBC}") = "Test", "Test\Test.csproj", "{58241728-C6BB-4DE0-BEB1-C016514C1870}"
EndProject
Global
	GlobalSection(SolutionConfigurationPlatforms) = preSolution
		Debug|Any CPU = Debug|Any CPU
		Release|Any CPU = Release|Any CPU
	EndGlobalSection
	GlobalSection(ProjectConfigurationPlatforms) = postSolution
		{3D4EE528-C58A-4B4B-BEE5-3DA927EC947E}.Debug|Any CPU.ActiveCfg = Debug|Any CPU
		{3D4EE528-C58A-4B4B-BEE5-3DA927EC947E}.Debug|Any CPU.Build.0 = Debug|Any CPU
		{3D4EE528-C58A-4B4B-BEE5-3DA927EC947E}.Release|Any CPU.ActiveCfg = Release|Any CPU
		{3D4EE528-C58A-4B4B-BEE5-3DA927EC947E}.Release|Any CPU.Build.0 = Release|Any CPU
		{58241728-C6BB-4DE0-BEB1-C016514C1870}.Debug|Any CPU.ActiveCfg = Debug|Any CPU
		{58241728-C6BB-4DE0-BEB1-C016514C1870}.Debug|Any CPU.Build.0 = Debug|Any CPU
		{58241728-C6BB-4DE0-BEB1-C016514C1870}.Release|Any CPU.ActiveCfg = Release|Any CPU
		{58241728-C6BB-4DE0-BEB1-C016514C1870}.Release|Any CPU.Build.0 = Release|Any CPU
	EndGlobalSection
	GlobalSection(SolutionProperties) = preSolution
		HideSolutionNode = FALSE
	EndGlobalSection
	GlobalSection(ExtensibilityGlobals) = postSolution
		SolutionGuid = {E8021352-DFED-465C-8F12-C035BFADA773}
	EndGlobalSection
EndGlobal
